# This file is automatically @generated by Cargo.
# It is not intended for manual editing.
[[package]]
name = "kaze"
version = "0.1.8"
source = "registry+https://github.com/rust-lang/crates.io-index"
dependencies = [
 "typed-arena 2.0.1 (registry+https://github.com/rust-lang/crates.io-index)",
]

[[package]]
name = "rtl"
version = "0.1.0"
dependencies = [
 "kaze 0.1.8 (registry+https://github.com/rust-lang/crates.io-index)",
]

[[package]]
name = "typed-arena"
version = "2.0.1"
source = "registry+https://github.com/rust-lang/crates.io-index"

[metadata]
"checksum kaze 0.1.8 (registry+https://github.com/rust-lang/crates.io-index)" = "27a5ad4bf2bbd302a6ae36334060e6198b88b7f29cffd4e635317e4deb32d647"
"checksum typed-arena 2.0.1 (registry+https://github.com/rust-lang/crates.io-index)" = "0685c84d5d54d1c26f7d3eb96cd41550adb97baed141a761cf335d3d33bcd0ae"
