# This file is automatically @generated by Cargo.
# It is not intended for manual editing.
[[package]]
name = "kaze"
version = "0.1.6"
source = "registry+https://github.com/rust-lang/crates.io-index"
checksum = "19d9b51eca9dcd47bb6eb7a00f7b733688335c71723c1e973e35ba2cb4c06912"
dependencies = [
 "typed-arena",
]

[[package]]
name = "rtl"
version = "0.1.0"
dependencies = [
 "kaze",
]

[[package]]
name = "typed-arena"
version = "2.0.1"
source = "registry+https://github.com/rust-lang/crates.io-index"
checksum = "0685c84d5d54d1c26f7d3eb96cd41550adb97baed141a761cf335d3d33bcd0ae"

[[package]]
name = "xenowing"
version = "0.1.0"
dependencies = [
 "kaze",
 "rtl",
]
