# This file is automatically @generated by Cargo.
# It is not intended for manual editing.
[[package]]
name = "kaze"
version = "0.1.0"
source = "registry+https://github.com/rust-lang/crates.io-index"
checksum = "89dbfbc68233f8bc4cb15f696fd91a1979122a5c87b1d5dbba230aabeddb0d33"
dependencies = [
 "typed-arena",
]

[[package]]
name = "marv"
version = "0.1.0"
dependencies = [
 "kaze",
]

[[package]]
name = "marv-test"
version = "0.1.0"
dependencies = [
 "kaze",
 "marv",
]

[[package]]
name = "typed-arena"
version = "2.0.1"
source = "registry+https://github.com/rust-lang/crates.io-index"
checksum = "0685c84d5d54d1c26f7d3eb96cd41550adb97baed141a761cf335d3d33bcd0ae"
